
Microsoft Visual Studio Solution File, Format Version 12.00
# Visual Studio Version 17
VisualStudioVersion = 17.13.35828.75 d17.13
MinimumVisualStudioVersion = 10.0.40219.1
Project("{FAE04EC0-301F-11D3-BF4B-00C04F79EFBC}") = "MusicPlayerEntities", "MusicPlayerEntities.csproj", "{70843822-3E38-F0E9-4560-D446F514C2A5}"
EndProject
Global
	GlobalSection(SolutionConfigurationPlatforms) = preSolution
		Debug|Any CPU = Debug|Any CPU
		Release|Any CPU = Release|Any CPU
	EndGlobalSection
	GlobalSection(ProjectConfigurationPlatforms) = postSolution
		{70843822-3E38-F0E9-4560-D446F514C2A5}.Debug|Any CPU.ActiveCfg = Debug|Any CPU
		{70843822-3E38-F0E9-4560-D446F514C2A5}.Debug|Any CPU.Build.0 = Debug|Any CPU
		{70843822-3E38-F0E9-4560-D446F514C2A5}.Release|Any CPU.ActiveCfg = Release|Any CPU
		{70843822-3E38-F0E9-4560-D446F514C2A5}.Release|Any CPU.Build.0 = Release|Any CPU
	EndGlobalSection
	GlobalSection(SolutionProperties) = preSolution
		HideSolutionNode = FALSE
	EndGlobalSection
	GlobalSection(ExtensibilityGlobals) = postSolution
		SolutionGuid = {5488D54C-7197-4D33-9135-1FFF4F7EA15F}
	EndGlobalSection
EndGlobal
